// !$*UTF8*$!
{
	archiveVersion = 1;
	classes = {
	};
	objectVersion = 56;
	objects = {

/* Begin PBXBuildFile section */
		0E19AEE32C789B68003099CF /* WebBrowserView.swift in Sources */ = {isa = PBXBuildFile; fileRef = 0E19AEE22C789B68003099CF /* WebBrowserView.swift */; };
		0E19AEE52C789B90003099CF /* WebBrowserViewModel.swift in Sources */ = {isa = PBXBuildFile; fileRef = 0E19AEE42C789B90003099CF /* WebBrowserViewModel.swift */; };
		0E19AEE82C789BB4003099CF /* WebVeiwRepresentable.swift in Sources */ = {isa = PBXBuildFile; fileRef = 0E19AEE72C789BB4003099CF /* WebVeiwRepresentable.swift */; };
		0E19AEEA2C789BDE003099CF /* WebViewStore.swift in Sources */ = {isa = PBXBuildFile; fileRef = 0E19AEE92C789BDE003099CF /* WebViewStore.swift */; };
		0E28DE252BA41959004A3294 /* UserDefaultsManager.swift in Sources */ = {isa = PBXBuildFile; fileRef = 0E28DE242BA41959004A3294 /* UserDefaultsManager.swift */; };
		0E28DE272BA41D4E004A3294 /* ApodDate.swift in Sources */ = {isa = PBXBuildFile; fileRef = 0E28DE262BA41D4E004A3294 /* ApodDate.swift */; };
		0E28DE2A2BA44985004A3294 /* DateFormatManager.swift in Sources */ = {isa = PBXBuildFile; fileRef = 0E28DE292BA44985004A3294 /* DateFormatManager.swift */; };
		0E432BB92BA30C3D000DA18D /* ApodView.swift in Sources */ = {isa = PBXBuildFile; fileRef = 0E432BB82BA30C3D000DA18D /* ApodView.swift */; };
		0E4343D92BA6CD40007C8B7F /* ImageView.swift in Sources */ = {isa = PBXBuildFile; fileRef = 0E4343D82BA6CD40007C8B7F /* ImageView.swift */; };
		0E70F7002BA0AD1800342811 /* NASA_SwiftUIApp.swift in Sources */ = {isa = PBXBuildFile; fileRef = 0E70F6FF2BA0AD1800342811 /* NASA_SwiftUIApp.swift */; };
		0E70F7042BA0AD1900342811 /* Assets.xcassets in Resources */ = {isa = PBXBuildFile; fileRef = 0E70F7032BA0AD1900342811 /* Assets.xcassets */; };
		0E70F7072BA0AD1900342811 /* Preview Assets.xcassets in Resources */ = {isa = PBXBuildFile; fileRef = 0E70F7062BA0AD1900342811 /* Preview Assets.xcassets */; };
		0E70F7092BA0AD1900342811 /* Persistence.swift in Sources */ = {isa = PBXBuildFile; fileRef = 0E70F7082BA0AD1900342811 /* Persistence.swift */; };
		0E70F70C2BA0AD1900342811 /* NASA_SwiftUI.xcdatamodeld in Sources */ = {isa = PBXBuildFile; fileRef = 0E70F70A2BA0AD1900342811 /* NASA_SwiftUI.xcdatamodeld */; };
		0E70F7172BA0ADAF00342811 /* MainTabView.swift in Sources */ = {isa = PBXBuildFile; fileRef = 0E70F7162BA0ADAF00342811 /* MainTabView.swift */; };
		0EAAAF8F2BA9771B007B6E7C /* ExploreViewModel.swift in Sources */ = {isa = PBXBuildFile; fileRef = 0EAAAF8E2BA9771B007B6E7C /* ExploreViewModel.swift */; };
		0EAAAF912BA9772E007B6E7C /* ExploreView.swift in Sources */ = {isa = PBXBuildFile; fileRef = 0EAAAF902BA9772E007B6E7C /* ExploreView.swift */; };
		0EAAAF942BA9A516007B6E7C /* ApodRow.swift in Sources */ = {isa = PBXBuildFile; fileRef = 0EAAAF932BA9A516007B6E7C /* ApodRow.swift */; };
		0EAAAF962BA9A571007B6E7C /* NetworkImage.swift in Sources */ = {isa = PBXBuildFile; fileRef = 0EAAAF952BA9A571007B6E7C /* NetworkImage.swift */; };
		0EAAAF992BA9AA03007B6E7C /* ApodDetailView.swift in Sources */ = {isa = PBXBuildFile; fileRef = 0EAAAF982BA9AA03007B6E7C /* ApodDetailView.swift */; };
		0EE1E58A2BAB06A00088BEF4 /* ApodDetailViewModel.swift in Sources */ = {isa = PBXBuildFile; fileRef = 0EE1E5892BAB06A00088BEF4 /* ApodDetailViewModel.swift */; };
		0EE1E58C2BAB0B550088BEF4 /* ImageBackground.swift in Sources */ = {isa = PBXBuildFile; fileRef = 0EE1E58B2BAB0B550088BEF4 /* ImageBackground.swift */; };
		0EF3F77D2BA31732000D2815 /* SpecialNavBar.swift in Sources */ = {isa = PBXBuildFile; fileRef = 0EF3F77C2BA31732000D2815 /* SpecialNavBar.swift */; };
		0EF3F7812BA32736000D2815 /* ApodLoader.swift in Sources */ = {isa = PBXBuildFile; fileRef = 0EF3F7802BA32736000D2815 /* ApodLoader.swift */; };
		0EF3F7842BA328F1000D2815 /* Apod.swift in Sources */ = {isa = PBXBuildFile; fileRef = 0EF3F7832BA328F1000D2815 /* Apod.swift */; };
		0EF3F7862BA3290F000D2815 /* ApodLoaderParameters.swift in Sources */ = {isa = PBXBuildFile; fileRef = 0EF3F7852BA3290F000D2815 /* ApodLoaderParameters.swift */; };
		0EF3F7882BA32C81000D2815 /* ApodViewModel.swift in Sources */ = {isa = PBXBuildFile; fileRef = 0EF3F7872BA32C81000D2815 /* ApodViewModel.swift */; };
		0EF3F78B2BA32F6F000D2815 /* ApodEntity.swift in Sources */ = {isa = PBXBuildFile; fileRef = 0EF3F78A2BA32F6F000D2815 /* ApodEntity.swift */; };
		0EF3F79E2BA33C87000D2815 /* ActivityView.swift in Sources */ = {isa = PBXBuildFile; fileRef = 0EF3F79D2BA33C87000D2815 /* ActivityView.swift */; };
/* End PBXBuildFile section */

/* Begin PBXFileReference section */
		0E19AEE22C789B68003099CF /* WebBrowserView.swift */ = {isa = PBXFileReference; lastKnownFileType = sourcecode.swift; path = WebBrowserView.swift; sourceTree = "<group>"; };
		0E19AEE42C789B90003099CF /* WebBrowserViewModel.swift */ = {isa = PBXFileReference; lastKnownFileType = sourcecode.swift; path = WebBrowserViewModel.swift; sourceTree = "<group>"; };
		0E19AEE72C789BB4003099CF /* WebVeiwRepresentable.swift */ = {isa = PBXFileReference; lastKnownFileType = sourcecode.swift; path = WebVeiwRepresentable.swift; sourceTree = "<group>"; };
		0E19AEE92C789BDE003099CF /* WebViewStore.swift */ = {isa = PBXFileReference; lastKnownFileType = sourcecode.swift; path = WebViewStore.swift; sourceTree = "<group>"; };
		0E28DE242BA41959004A3294 /* UserDefaultsManager.swift */ = {isa = PBXFileReference; lastKnownFileType = sourcecode.swift; path = UserDefaultsManager.swift; sourceTree = "<group>"; };
		0E28DE262BA41D4E004A3294 /* ApodDate.swift */ = {isa = PBXFileReference; lastKnownFileType = sourcecode.swift; path = ApodDate.swift; sourceTree = "<group>"; };
		0E28DE292BA44985004A3294 /* DateFormatManager.swift */ = {isa = PBXFileReference; lastKnownFileType = sourcecode.swift; path = DateFormatManager.swift; sourceTree = "<group>"; };
		0E432BB82BA30C3D000DA18D /* ApodView.swift */ = {isa = PBXFileReference; lastKnownFileType = sourcecode.swift; path = ApodView.swift; sourceTree = "<group>"; };
		0E4343D82BA6CD40007C8B7F /* ImageView.swift */ = {isa = PBXFileReference; lastKnownFileType = sourcecode.swift; path = ImageView.swift; sourceTree = "<group>"; };
		0E70F6FC2BA0AD1800342811 /* NASA_SwiftUI.app */ = {isa = PBXFileReference; explicitFileType = wrapper.application; includeInIndex = 0; path = NASA_SwiftUI.app; sourceTree = BUILT_PRODUCTS_DIR; };
		0E70F6FF2BA0AD1800342811 /* NASA_SwiftUIApp.swift */ = {isa = PBXFileReference; lastKnownFileType = sourcecode.swift; path = NASA_SwiftUIApp.swift; sourceTree = "<group>"; };
		0E70F7032BA0AD1900342811 /* Assets.xcassets */ = {isa = PBXFileReference; lastKnownFileType = folder.assetcatalog; path = Assets.xcassets; sourceTree = "<group>"; };
		0E70F7062BA0AD1900342811 /* Preview Assets.xcassets */ = {isa = PBXFileReference; lastKnownFileType = folder.assetcatalog; path = "Preview Assets.xcassets"; sourceTree = "<group>"; };
		0E70F7082BA0AD1900342811 /* Persistence.swift */ = {isa = PBXFileReference; lastKnownFileType = sourcecode.swift; path = Persistence.swift; sourceTree = "<group>"; };
		0E70F70B2BA0AD1900342811 /* NASA_SwiftUI.xcdatamodel */ = {isa = PBXFileReference; lastKnownFileType = wrapper.xcdatamodel; path = NASA_SwiftUI.xcdatamodel; sourceTree = "<group>"; };
		0E70F7162BA0ADAF00342811 /* MainTabView.swift */ = {isa = PBXFileReference; lastKnownFileType = sourcecode.swift; path = MainTabView.swift; sourceTree = "<group>"; };
		0EAAAF8E2BA9771B007B6E7C /* ExploreViewModel.swift */ = {isa = PBXFileReference; lastKnownFileType = sourcecode.swift; path = ExploreViewModel.swift; sourceTree = "<group>"; };
		0EAAAF902BA9772E007B6E7C /* ExploreView.swift */ = {isa = PBXFileReference; lastKnownFileType = sourcecode.swift; path = ExploreView.swift; sourceTree = "<group>"; };
		0EAAAF932BA9A516007B6E7C /* ApodRow.swift */ = {isa = PBXFileReference; lastKnownFileType = sourcecode.swift; path = ApodRow.swift; sourceTree = "<group>"; };
		0EAAAF952BA9A571007B6E7C /* NetworkImage.swift */ = {isa = PBXFileReference; lastKnownFileType = sourcecode.swift; path = NetworkImage.swift; sourceTree = "<group>"; };
		0EAAAF982BA9AA03007B6E7C /* ApodDetailView.swift */ = {isa = PBXFileReference; lastKnownFileType = sourcecode.swift; path = ApodDetailView.swift; sourceTree = "<group>"; };
		0EE1E5892BAB06A00088BEF4 /* ApodDetailViewModel.swift */ = {isa = PBXFileReference; lastKnownFileType = sourcecode.swift; path = ApodDetailViewModel.swift; sourceTree = "<group>"; };
		0EE1E58B2BAB0B550088BEF4 /* ImageBackground.swift */ = {isa = PBXFileReference; lastKnownFileType = sourcecode.swift; path = ImageBackground.swift; sourceTree = "<group>"; };
		0EF3F77C2BA31732000D2815 /* SpecialNavBar.swift */ = {isa = PBXFileReference; lastKnownFileType = sourcecode.swift; path = SpecialNavBar.swift; sourceTree = "<group>"; };
		0EF3F7802BA32736000D2815 /* ApodLoader.swift */ = {isa = PBXFileReference; lastKnownFileType = sourcecode.swift; path = ApodLoader.swift; sourceTree = "<group>"; };
		0EF3F7832BA328F1000D2815 /* Apod.swift */ = {isa = PBXFileReference; lastKnownFileType = sourcecode.swift; path = Apod.swift; sourceTree = "<group>"; };
		0EF3F7852BA3290F000D2815 /* ApodLoaderParameters.swift */ = {isa = PBXFileReference; lastKnownFileType = sourcecode.swift; path = ApodLoaderParameters.swift; sourceTree = "<group>"; };
		0EF3F7872BA32C81000D2815 /* ApodViewModel.swift */ = {isa = PBXFileReference; lastKnownFileType = sourcecode.swift; path = ApodViewModel.swift; sourceTree = "<group>"; };
		0EF3F78A2BA32F6F000D2815 /* ApodEntity.swift */ = {isa = PBXFileReference; lastKnownFileType = sourcecode.swift; path = ApodEntity.swift; sourceTree = "<group>"; };
		0EF3F79D2BA33C87000D2815 /* ActivityView.swift */ = {isa = PBXFileReference; fileEncoding = 4; lastKnownFileType = sourcecode.swift; path = ActivityView.swift; sourceTree = "<group>"; };
/* End PBXFileReference section */

/* Begin PBXFrameworksBuildPhase section */
		0E70F6F92BA0AD1800342811 /* Frameworks */ = {
			isa = PBXFrameworksBuildPhase;
			buildActionMask = 2147483647;
			files = (
			);
			runOnlyForDeploymentPostprocessing = 0;
		};
/* End PBXFrameworksBuildPhase section */

/* Begin PBXGroup section */
		0E19AEE12C789B49003099CF /* WebBrowser */ = {
			isa = PBXGroup;
			children = (
				0E19AEE62C789BA4003099CF /* WebView */,
				0E19AEE22C789B68003099CF /* WebBrowserView.swift */,
				0E19AEE42C789B90003099CF /* WebBrowserViewModel.swift */,
			);
			path = WebBrowser;
			sourceTree = "<group>";
		};
		0E19AEE62C789BA4003099CF /* WebView */ = {
			isa = PBXGroup;
			children = (
				0E19AEE72C789BB4003099CF /* WebVeiwRepresentable.swift */,
				0E19AEE92C789BDE003099CF /* WebViewStore.swift */,
			);
			path = WebView;
			sourceTree = "<group>";
		};
		0E28DE222BA418C5004A3294 /* Services */ = {
			isa = PBXGroup;
			children = (
				0E28DE282BA4496A004A3294 /* DateFortmatManager */,
				0EF3F77F2BA32722000D2815 /* ApodLoader */,
				0E28DE232BA418E4004A3294 /* UserDeafaultsManager */,
			);
			path = Services;
			sourceTree = "<group>";
		};
		0E28DE232BA418E4004A3294 /* UserDeafaultsManager */ = {
			isa = PBXGroup;
			children = (
				0E28DE242BA41959004A3294 /* UserDefaultsManager.swift */,
			);
			path = UserDeafaultsManager;
			sourceTree = "<group>";
		};
		0E28DE282BA4496A004A3294 /* DateFortmatManager */ = {
			isa = PBXGroup;
			children = (
				0E28DE292BA44985004A3294 /* DateFormatManager.swift */,
			);
			path = DateFortmatManager;
			sourceTree = "<group>";
		};
		0E432BB72BA3089C000DA18D /* Apod */ = {
			isa = PBXGroup;
			children = (
				0EF3F7822BA328E8000D2815 /* Models */,
				0EF3F77E2BA32681000D2815 /* ApodView */,
			);
			path = Apod;
			sourceTree = "<group>";
		};
		0E70F6F32BA0AD1800342811 = {
			isa = PBXGroup;
			children = (
				0E70F6FE2BA0AD1800342811 /* NASA_SwiftUI */,
				0E70F6FD2BA0AD1800342811 /* Products */,
			);
			sourceTree = "<group>";
		};
		0E70F6FD2BA0AD1800342811 /* Products */ = {
			isa = PBXGroup;
			children = (
				0E70F6FC2BA0AD1800342811 /* NASA_SwiftUI.app */,
			);
			name = Products;
			sourceTree = "<group>";
		};
		0E70F6FE2BA0AD1800342811 /* NASA_SwiftUI */ = {
			isa = PBXGroup;
			children = (
				0E70F7132BA0AD2A00342811 /* SupportingFiles */,
				0E28DE222BA418C5004A3294 /* Services */,
				0EF3F77A2BA31720000D2815 /* Design */,
				0E70F7142BA0AD9C00342811 /* Core */,
			);
			path = NASA_SwiftUI;
			sourceTree = "<group>";
		};
		0E70F7052BA0AD1900342811 /* Preview Content */ = {
			isa = PBXGroup;
			children = (
				0E70F7062BA0AD1900342811 /* Preview Assets.xcassets */,
			);
			path = "Preview Content";
			sourceTree = "<group>";
		};
		0E70F7132BA0AD2A00342811 /* SupportingFiles */ = {
			isa = PBXGroup;
			children = (
				0E70F7052BA0AD1900342811 /* Preview Content */,
				0E70F7182BA0ADBF00342811 /* CoreData */,
				0E70F6FF2BA0AD1800342811 /* NASA_SwiftUIApp.swift */,
				0E70F7032BA0AD1900342811 /* Assets.xcassets */,
				0E70F7082BA0AD1900342811 /* Persistence.swift */,
			);
			path = SupportingFiles;
			sourceTree = "<group>";
		};
		0E70F7142BA0AD9C00342811 /* Core */ = {
			isa = PBXGroup;
			children = (
				0E70F7152BA0ADA200342811 /* MainTabView */,
				0E432BB72BA3089C000DA18D /* Apod */,
				0EAAAF8D2BA97704007B6E7C /* Explore */,
			);
			path = Core;
			sourceTree = "<group>";
		};
		0E70F7152BA0ADA200342811 /* MainTabView */ = {
			isa = PBXGroup;
			children = (
				0E70F7162BA0ADAF00342811 /* MainTabView.swift */,
			);
			path = MainTabView;
			sourceTree = "<group>";
		};
		0E70F7182BA0ADBF00342811 /* CoreData */ = {
			isa = PBXGroup;
			children = (
				0E70F70A2BA0AD1900342811 /* NASA_SwiftUI.xcdatamodeld */,
			);
			path = CoreData;
			sourceTree = "<group>";
		};
		0EAAAF8D2BA97704007B6E7C /* Explore */ = {
			isa = PBXGroup;
			children = (
				0EE1E58D2BAB0BB70088BEF4 /* ExploreView */,
				0EAAAF922BA9A50A007B6E7C /* ApodRow */,
				0EAAAF972BA9A9F6007B6E7C /* ApodDetail */,
			);
			path = Explore;
			sourceTree = "<group>";
		};
		0EAAAF922BA9A50A007B6E7C /* ApodRow */ = {
			isa = PBXGroup;
			children = (
				0EAAAF932BA9A516007B6E7C /* ApodRow.swift */,
			);
			path = ApodRow;
			sourceTree = "<group>";
		};
		0EAAAF972BA9A9F6007B6E7C /* ApodDetail */ = {
			isa = PBXGroup;
			children = (
				0EE1E5892BAB06A00088BEF4 /* ApodDetailViewModel.swift */,
				0EAAAF982BA9AA03007B6E7C /* ApodDetailView.swift */,
			);
			path = ApodDetail;
			sourceTree = "<group>";
		};
		0EE1E58D2BAB0BB70088BEF4 /* ExploreView */ = {
			isa = PBXGroup;
			children = (
				0EAAAF8E2BA9771B007B6E7C /* ExploreViewModel.swift */,
				0EAAAF902BA9772E007B6E7C /* ExploreView.swift */,
			);
			path = ExploreView;
			sourceTree = "<group>";
		};
		0EF3F77A2BA31720000D2815 /* Design */ = {
			isa = PBXGroup;
			children = (
				0E19AEE12C789B49003099CF /* WebBrowser */,
				0EF3F79C2BA33C87000D2815 /* ActivityView */,
				0EF3F77B2BA31727000D2815 /* ViewModifires */,
				0E4343D82BA6CD40007C8B7F /* ImageView.swift */,
				0EAAAF952BA9A571007B6E7C /* NetworkImage.swift */,
				0EE1E58B2BAB0B550088BEF4 /* ImageBackground.swift */,
			);
			path = Design;
			sourceTree = "<group>";
		};
		0EF3F77B2BA31727000D2815 /* ViewModifires */ = {
			isa = PBXGroup;
			children = (
				0EF3F77C2BA31732000D2815 /* SpecialNavBar.swift */,
			);
			path = ViewModifires;
			sourceTree = "<group>";
		};
		0EF3F77E2BA32681000D2815 /* ApodView */ = {
			isa = PBXGroup;
			children = (
				0EF3F7872BA32C81000D2815 /* ApodViewModel.swift */,
				0E432BB82BA30C3D000DA18D /* ApodView.swift */,
			);
			path = ApodView;
			sourceTree = "<group>";
		};
		0EF3F77F2BA32722000D2815 /* ApodLoader */ = {
			isa = PBXGroup;
			children = (
				0EF3F7892BA32F60000D2815 /* Models */,
				0EF3F7802BA32736000D2815 /* ApodLoader.swift */,
			);
			path = ApodLoader;
			sourceTree = "<group>";
		};
		0EF3F7822BA328E8000D2815 /* Models */ = {
			isa = PBXGroup;
			children = (
				0EF3F7832BA328F1000D2815 /* Apod.swift */,
			);
			path = Models;
			sourceTree = "<group>";
		};
		0EF3F7892BA32F60000D2815 /* Models */ = {
			isa = PBXGroup;
			children = (
				0EF3F7852BA3290F000D2815 /* ApodLoaderParameters.swift */,
				0EF3F78A2BA32F6F000D2815 /* ApodEntity.swift */,
				0E28DE262BA41D4E004A3294 /* ApodDate.swift */,
			);
			path = Models;
			sourceTree = "<group>";
		};
		0EF3F79C2BA33C87000D2815 /* ActivityView */ = {
			isa = PBXGroup;
			children = (
				0EF3F79D2BA33C87000D2815 /* ActivityView.swift */,
			);
			path = ActivityView;
			sourceTree = "<group>";
		};
/* End PBXGroup section */

/* Begin PBXNativeTarget section */
		0E70F6FB2BA0AD1800342811 /* NASA_SwiftUI */ = {
			isa = PBXNativeTarget;
			buildConfigurationList = 0E70F70F2BA0AD1900342811 /* Build configuration list for PBXNativeTarget "NASA_SwiftUI" */;
			buildPhases = (
				0E70F6F82BA0AD1800342811 /* Sources */,
				0E70F6F92BA0AD1800342811 /* Frameworks */,
				0E70F6FA2BA0AD1800342811 /* Resources */,
			);
			buildRules = (
			);
			dependencies = (
			);
			name = NASA_SwiftUI;
			productName = NASA_SwiftUI;
			productReference = 0E70F6FC2BA0AD1800342811 /* NASA_SwiftUI.app */;
			productType = "com.apple.product-type.application";
		};
/* End PBXNativeTarget section */

/* Begin PBXProject section */
		0E70F6F42BA0AD1800342811 /* Project object */ = {
			isa = PBXProject;
			attributes = {
				BuildIndependentTargetsInParallel = 1;
				LastSwiftUpdateCheck = 1520;
				LastUpgradeCheck = 1520;
				TargetAttributes = {
					0E70F6FB2BA0AD1800342811 = {
						CreatedOnToolsVersion = 15.2;
					};
				};
			};
			buildConfigurationList = 0E70F6F72BA0AD1800342811 /* Build configuration list for PBXProject "NASA_SwiftUI" */;
			compatibilityVersion = "Xcode 14.0";
			developmentRegion = en;
			hasScannedForEncodings = 0;
			knownRegions = (
				en,
				Base,
			);
			mainGroup = 0E70F6F32BA0AD1800342811;
			productRefGroup = 0E70F6FD2BA0AD1800342811 /* Products */;
			projectDirPath = "";
			projectRoot = "";
			targets = (
				0E70F6FB2BA0AD1800342811 /* NASA_SwiftUI */,
			);
		};
/* End PBXProject section */

/* Begin PBXResourcesBuildPhase section */
		0E70F6FA2BA0AD1800342811 /* Resources */ = {
			isa = PBXResourcesBuildPhase;
			buildActionMask = 2147483647;
			files = (
				0E70F7072BA0AD1900342811 /* Preview Assets.xcassets in Resources */,
				0E70F7042BA0AD1900342811 /* Assets.xcassets in Resources */,
			);
			runOnlyForDeploymentPostprocessing = 0;
		};
/* End PBXResourcesBuildPhase section */

/* Begin PBXSourcesBuildPhase section */
		0E70F6F82BA0AD1800342811 /* Sources */ = {
			isa = PBXSourcesBuildPhase;
			buildActionMask = 2147483647;
			files = (
				0EAAAF912BA9772E007B6E7C /* ExploreView.swift in Sources */,
				0EAAAF942BA9A516007B6E7C /* ApodRow.swift in Sources */,
				0E19AEE82C789BB4003099CF /* WebVeiwRepresentable.swift in Sources */,
				0E4343D92BA6CD40007C8B7F /* ImageView.swift in Sources */,
				0EAAAF992BA9AA03007B6E7C /* ApodDetailView.swift in Sources */,
				0E70F7092BA0AD1900342811 /* Persistence.swift in Sources */,
				0E28DE252BA41959004A3294 /* UserDefaultsManager.swift in Sources */,
				0EF3F7842BA328F1000D2815 /* Apod.swift in Sources */,
				0EF3F7882BA32C81000D2815 /* ApodViewModel.swift in Sources */,
				0EAAAF8F2BA9771B007B6E7C /* ExploreViewModel.swift in Sources */,
				0EAAAF962BA9A571007B6E7C /* NetworkImage.swift in Sources */,
				0EF3F79E2BA33C87000D2815 /* ActivityView.swift in Sources */,
				0E19AEE52C789B90003099CF /* WebBrowserViewModel.swift in Sources */,
				0EF3F77D2BA31732000D2815 /* SpecialNavBar.swift in Sources */,
				0E70F70C2BA0AD1900342811 /* NASA_SwiftUI.xcdatamodeld in Sources */,
				0E19AEEA2C789BDE003099CF /* WebViewStore.swift in Sources */,
				0E28DE2A2BA44985004A3294 /* DateFormatManager.swift in Sources */,
				0E432BB92BA30C3D000DA18D /* ApodView.swift in Sources */,
				0EE1E58C2BAB0B550088BEF4 /* ImageBackground.swift in Sources */,
				0E28DE272BA41D4E004A3294 /* ApodDate.swift in Sources */,
				0EE1E58A2BAB06A00088BEF4 /* ApodDetailViewModel.swift in Sources */,
				0EF3F7862BA3290F000D2815 /* ApodLoaderParameters.swift in Sources */,
				0EF3F78B2BA32F6F000D2815 /* ApodEntity.swift in Sources */,
				0E19AEE32C789B68003099CF /* WebBrowserView.swift in Sources */,
				0E70F7002BA0AD1800342811 /* NASA_SwiftUIApp.swift in Sources */,
				0E70F7172BA0ADAF00342811 /* MainTabView.swift in Sources */,
				0EF3F7812BA32736000D2815 /* ApodLoader.swift in Sources */,
			);
			runOnlyForDeploymentPostprocessing = 0;
		};
/* End PBXSourcesBuildPhase section */

/* Begin XCBuildConfiguration section */
		0E70F70D2BA0AD1900342811 /* Debug */ = {
			isa = XCBuildConfiguration;
			buildSettings = {
				ALWAYS_SEARCH_USER_PATHS = NO;
				ASSETCATALOG_COMPILER_GENERATE_SWIFT_ASSET_SYMBOL_EXTENSIONS = YES;
				CLANG_ANALYZER_NONNULL = YES;
				CLANG_ANALYZER_NUMBER_OBJECT_CONVERSION = YES_AGGRESSIVE;
				CLANG_CXX_LANGUAGE_STANDARD = "gnu++20";
				CLANG_ENABLE_MODULES = YES;
				CLANG_ENABLE_OBJC_ARC = YES;
				CLANG_ENABLE_OBJC_WEAK = YES;
				CLANG_WARN_BLOCK_CAPTURE_AUTORELEASING = YES;
				CLANG_WARN_BOOL_CONVERSION = YES;
				CLANG_WARN_COMMA = YES;
				CLANG_WARN_CONSTANT_CONVERSION = YES;
				CLANG_WARN_DEPRECATED_OBJC_IMPLEMENTATIONS = YES;
				CLANG_WARN_DIRECT_OBJC_ISA_USAGE = YES_ERROR;
				CLANG_WARN_DOCUMENTATION_COMMENTS = YES;
				CLANG_WARN_EMPTY_BODY = YES;
				CLANG_WARN_ENUM_CONVERSION = YES;
				CLANG_WARN_INFINITE_RECURSION = YES;
				CLANG_WARN_INT_CONVERSION = YES;
				CLANG_WARN_NON_LITERAL_NULL_CONVERSION = YES;
				CLANG_WARN_OBJC_IMPLICIT_RETAIN_SELF = YES;
				CLANG_WARN_OBJC_LITERAL_CONVERSION = YES;
				CLANG_WARN_OBJC_ROOT_CLASS = YES_ERROR;
				CLANG_WARN_QUOTED_INCLUDE_IN_FRAMEWORK_HEADER = YES;
				CLANG_WARN_RANGE_LOOP_ANALYSIS = YES;
				CLANG_WARN_STRICT_PROTOTYPES = YES;
				CLANG_WARN_SUSPICIOUS_MOVE = YES;
				CLANG_WARN_UNGUARDED_AVAILABILITY = YES_AGGRESSIVE;
				CLANG_WARN_UNREACHABLE_CODE = YES;
				CLANG_WARN__DUPLICATE_METHOD_MATCH = YES;
				COPY_PHASE_STRIP = NO;
				DEBUG_INFORMATION_FORMAT = dwarf;
				ENABLE_STRICT_OBJC_MSGSEND = YES;
				ENABLE_TESTABILITY = YES;
				ENABLE_USER_SCRIPT_SANDBOXING = YES;
				GCC_C_LANGUAGE_STANDARD = gnu17;
				GCC_DYNAMIC_NO_PIC = NO;
				GCC_NO_COMMON_BLOCKS = YES;
				GCC_OPTIMIZATION_LEVEL = 0;
				GCC_PREPROCESSOR_DEFINITIONS = (
					"DEBUG=1",
					"$(inherited)",
				);
				GCC_WARN_64_TO_32_BIT_CONVERSION = YES;
				GCC_WARN_ABOUT_RETURN_TYPE = YES_ERROR;
				GCC_WARN_UNDECLARED_SELECTOR = YES;
				GCC_WARN_UNINITIALIZED_AUTOS = YES_AGGRESSIVE;
				GCC_WARN_UNUSED_FUNCTION = YES;
				GCC_WARN_UNUSED_VARIABLE = YES;
				IPHONEOS_DEPLOYMENT_TARGET = 17.2;
				LOCALIZATION_PREFERS_STRING_CATALOGS = YES;
				MTL_ENABLE_DEBUG_INFO = INCLUDE_SOURCE;
				MTL_FAST_MATH = YES;
				ONLY_ACTIVE_ARCH = YES;
				SDKROOT = iphoneos;
				SWIFT_ACTIVE_COMPILATION_CONDITIONS = "DEBUG $(inherited)";
				SWIFT_OPTIMIZATION_LEVEL = "-Onone";
			};
			name = Debug;
		};
		0E70F70E2BA0AD1900342811 /* Release */ = {
			isa = XCBuildConfiguration;
			buildSettings = {
				ALWAYS_SEARCH_USER_PATHS = NO;
				ASSETCATALOG_COMPILER_GENERATE_SWIFT_ASSET_SYMBOL_EXTENSIONS = YES;
				CLANG_ANALYZER_NONNULL = YES;
				CLANG_ANALYZER_NUMBER_OBJECT_CONVERSION = YES_AGGRESSIVE;
				CLANG_CXX_LANGUAGE_STANDARD = "gnu++20";
				CLANG_ENABLE_MODULES = YES;
				CLANG_ENABLE_OBJC_ARC = YES;
				CLANG_ENABLE_OBJC_WEAK = YES;
				CLANG_WARN_BLOCK_CAPTURE_AUTORELEASING = YES;
				CLANG_WARN_BOOL_CONVERSION = YES;
				CLANG_WARN_COMMA = YES;
				CLANG_WARN_CONSTANT_CONVERSION = YES;
				CLANG_WARN_DEPRECATED_OBJC_IMPLEMENTATIONS = YES;
				CLANG_WARN_DIRECT_OBJC_ISA_USAGE = YES_ERROR;
				CLANG_WARN_DOCUMENTATION_COMMENTS = YES;
				CLANG_WARN_EMPTY_BODY = YES;
				CLANG_WARN_ENUM_CONVERSION = YES;
				CLANG_WARN_INFINITE_RECURSION = YES;
				CLANG_WARN_INT_CONVERSION = YES;
				CLANG_WARN_NON_LITERAL_NULL_CONVERSION = YES;
				CLANG_WARN_OBJC_IMPLICIT_RETAIN_SELF = YES;
				CLANG_WARN_OBJC_LITERAL_CONVERSION = YES;
				CLANG_WARN_OBJC_ROOT_CLASS = YES_ERROR;
				CLANG_WARN_QUOTED_INCLUDE_IN_FRAMEWORK_HEADER = YES;
				CLANG_WARN_RANGE_LOOP_ANALYSIS = YES;
				CLANG_WARN_STRICT_PROTOTYPES = YES;
				CLANG_WARN_SUSPICIOUS_MOVE = YES;
				CLANG_WARN_UNGUARDED_AVAILABILITY = YES_AGGRESSIVE;
				CLANG_WARN_UNREACHABLE_CODE = YES;
				CLANG_WARN__DUPLICATE_METHOD_MATCH = YES;
				COPY_PHASE_STRIP = NO;
				DEBUG_INFORMATION_FORMAT = "dwarf-with-dsym";
				ENABLE_NS_ASSERTIONS = NO;
				ENABLE_STRICT_OBJC_MSGSEND = YES;
				ENABLE_USER_SCRIPT_SANDBOXING = YES;
				GCC_C_LANGUAGE_STANDARD = gnu17;
				GCC_NO_COMMON_BLOCKS = YES;
				GCC_WARN_64_TO_32_BIT_CONVERSION = YES;
				GCC_WARN_ABOUT_RETURN_TYPE = YES_ERROR;
				GCC_WARN_UNDECLARED_SELECTOR = YES;
				GCC_WARN_UNINITIALIZED_AUTOS = YES_AGGRESSIVE;
				GCC_WARN_UNUSED_FUNCTION = YES;
				GCC_WARN_UNUSED_VARIABLE = YES;
				IPHONEOS_DEPLOYMENT_TARGET = 17.2;
				LOCALIZATION_PREFERS_STRING_CATALOGS = YES;
				MTL_ENABLE_DEBUG_INFO = NO;
				MTL_FAST_MATH = YES;
				SDKROOT = iphoneos;
				SWIFT_COMPILATION_MODE = wholemodule;
				VALIDATE_PRODUCT = YES;
			};
			name = Release;
		};
		0E70F7102BA0AD1900342811 /* Debug */ = {
			isa = XCBuildConfiguration;
			buildSettings = {
				ASSETCATALOG_COMPILER_APPICON_NAME = AppIcon;
				ASSETCATALOG_COMPILER_GLOBAL_ACCENT_COLOR_NAME = AccentColor;
				CODE_SIGN_STYLE = Automatic;
				CURRENT_PROJECT_VERSION = 1;
				DEVELOPMENT_ASSET_PATHS = "\"NASA_SwiftUI/SupportingFiles/Preview Content\"";
				DEVELOPMENT_TEAM = 86SKTK882J;
				ENABLE_PREVIEWS = YES;
				GENERATE_INFOPLIST_FILE = YES;
				INFOPLIST_FILE = "NASA-SwiftUI-Info.plist";
				INFOPLIST_KEY_CFBundleDisplayName = "Universe ONE";
				INFOPLIST_KEY_UIApplicationSceneManifest_Generation = YES;
				INFOPLIST_KEY_UIApplicationSupportsIndirectInputEvents = YES;
				INFOPLIST_KEY_UISupportedInterfaceOrientations = UIInterfaceOrientationPortrait;
				INFOPLIST_KEY_UISupportedInterfaceOrientations_iPad = "UIInterfaceOrientationLandscapeLeft UIInterfaceOrientationLandscapeRight UIInterfaceOrientationPortrait UIInterfaceOrientationPortraitUpsideDown";
				IPHONEOS_DEPLOYMENT_TARGET = 15.0;
				LD_RUNPATH_SEARCH_PATHS = (
					"$(inherited)",
					"@executable_path/Frameworks",
				);
				MARKETING_VERSION = 1.0;
				PRODUCT_BUNDLE_IDENTIFIER = "sugry.NASA-SwiftUI";
				PRODUCT_NAME = "$(TARGET_NAME)";
				SUPPORTED_PLATFORMS = "iphoneos iphonesimulator";
				SUPPORTS_MACCATALYST = NO;
				SUPPORTS_MAC_DESIGNED_FOR_IPHONE_IPAD = NO;
				SUPPORTS_XR_DESIGNED_FOR_IPHONE_IPAD = NO;
				SWIFT_EMIT_LOC_STRINGS = YES;
				SWIFT_VERSION = 5.0;
				TARGETED_DEVICE_FAMILY = "1,2";
			};
			name = Debug;
		};
		0E70F7112BA0AD1900342811 /* Release */ = {
			isa = XCBuildConfiguration;
			buildSettings = {
				ASSETCATALOG_COMPILER_APPICON_NAME = AppIcon;
				ASSETCATALOG_COMPILER_GLOBAL_ACCENT_COLOR_NAME = AccentColor;
				CODE_SIGN_STYLE = Automatic;
				CURRENT_PROJECT_VERSION = 1;
				DEVELOPMENT_ASSET_PATHS = "\"NASA_SwiftUI/SupportingFiles/Preview Content\"";
				DEVELOPMENT_TEAM = 86SKTK882J;
				ENABLE_PREVIEWS = YES;
				GENERATE_INFOPLIST_FILE = YES;
				INFOPLIST_FILE = "NASA-SwiftUI-Info.plist";
				INFOPLIST_KEY_CFBundleDisplayName = "Universe ONE";
				INFOPLIST_KEY_UIApplicationSceneManifest_Generation = YES;
				INFOPLIST_KEY_UIApplicationSupportsIndirectInputEvents = YES;
				INFOPLIST_KEY_UISupportedInterfaceOrientations = UIInterfaceOrientationPortrait;
				INFOPLIST_KEY_UISupportedInterfaceOrientations_iPad = "UIInterfaceOrientationLandscapeLeft UIInterfaceOrientationLandscapeRight UIInterfaceOrientationPortrait UIInterfaceOrientationPortraitUpsideDown";
				IPHONEOS_DEPLOYMENT_TARGET = 15.0;
				LD_RUNPATH_SEARCH_PATHS = (
					"$(inherited)",
					"@executable_path/Frameworks",
				);
				MARKETING_VERSION = 1.0;
				PRODUCT_BUNDLE_IDENTIFIER = "sugry.NASA-SwiftUI";
				PRODUCT_NAME = "$(TARGET_NAME)";
				SUPPORTED_PLATFORMS = "iphoneos iphonesimulator";
				SUPPORTS_MACCATALYST = NO;
				SUPPORTS_MAC_DESIGNED_FOR_IPHONE_IPAD = NO;
				SUPPORTS_XR_DESIGNED_FOR_IPHONE_IPAD = NO;
				SWIFT_EMIT_LOC_STRINGS = YES;
				SWIFT_VERSION = 5.0;
				TARGETED_DEVICE_FAMILY = "1,2";
			};
			name = Release;
		};
/* End XCBuildConfiguration section */

/* Begin XCConfigurationList section */
		0E70F6F72BA0AD1800342811 /* Build configuration list for PBXProject "NASA_SwiftUI" */ = {
			isa = XCConfigurationList;
			buildConfigurations = (
				0E70F70D2BA0AD1900342811 /* Debug */,
				0E70F70E2BA0AD1900342811 /* Release */,
			);
			defaultConfigurationIsVisible = 0;
			defaultConfigurationName = Release;
		};
		0E70F70F2BA0AD1900342811 /* Build configuration list for PBXNativeTarget "NASA_SwiftUI" */ = {
			isa = XCConfigurationList;
			buildConfigurations = (
				0E70F7102BA0AD1900342811 /* Debug */,
				0E70F7112BA0AD1900342811 /* Release */,
			);
			defaultConfigurationIsVisible = 0;
			defaultConfigurationName = Release;
		};
/* End XCConfigurationList section */

/* Begin XCVersionGroup section */
		0E70F70A2BA0AD1900342811 /* NASA_SwiftUI.xcdatamodeld */ = {
			isa = XCVersionGroup;
			children = (
				0E70F70B2BA0AD1900342811 /* NASA_SwiftUI.xcdatamodel */,
			);
			currentVersion = 0E70F70B2BA0AD1900342811 /* NASA_SwiftUI.xcdatamodel */;
			path = NASA_SwiftUI.xcdatamodeld;
			sourceTree = "<group>";
			versionGroupType = wrapper.xcdatamodel;
		};
/* End XCVersionGroup section */
	};
	rootObject = 0E70F6F42BA0AD1800342811 /* Project object */;
}
